<?xml version="1.0" encoding="utf-8"?>
<Project ToolsVersion="4.0" xmlns="http://schemas.microsoft.com/developer/msbuild/2003">
  <ItemGroup>
    <Filter Include="Pliki źródłowe">
      <UniqueIdentifier>{4FC737F1-C7A5-4376-A066-2A32D752A2FF}</UniqueIdentifier>
      <Extensions>cpp;c;cc;cxx;c++;cppm;ixx;def;odl;idl;hpj;bat;asm;asmx</Extensions>
    </Filter>
    <Filter Include="Pliki zasobów">
      <UniqueIdentifier>{67DA6AB6-F800-4c08-8B7A-83BB121AAD01}</UniqueIdentifier>
      <Extensions>rc;ico;cur;bmp;dlg;rc2;rct;bin;rgs;gif;jpg;jpeg;jpe;resx;tiff;tif;png;wav;mfcribbon-ms</Extensions>
    </Filter>
    <Filter Include="GUI">
      <UniqueIdentifier>{1bade19f-1c58-4256-b284-03c92f1e620f}</UniqueIdentifier>
    </Filter>
    <Filter Include="Pliki nagłówkowe">
      <UniqueIdentifier>{93995380-89BD-4b04-88EB-625FBE52EBFB}</UniqueIdentifier>
      <Extensions>h;hh;hpp;hxx;h++;hm;inl;inc;ipp;xsd</Extensions>
    </Filter>
    <Filter Include="Database">
      <UniqueIdentifier>{34884c19-d765-4238-aed1-b0a2931a0af8}</UniqueIdentifier>
    </Filter>
    <Filter Include="lib">
      <UniqueIdentifier>{223c5364-835c-40c0-8269-8fac23ea1507}</UniqueIdentifier>
    </Filter>
    <Filter Include="lib\bcrypt">
      <UniqueIdentifier>{07cac04d-3a8f-4406-875f-0738275503f9}</UniqueIdentifier>
    </Filter>
  </ItemGroup>
  <ItemGroup>
    <ClCompile Include="student-management-system.cpp">
      <Filter>Pliki źródłowe</Filter>
    </ClCompile>
    <ClCompile Include="MainApp.cpp">
      <Filter>GUI</Filter>
    </ClCompile>
    <ClCompile Include="MainFrame.cpp">
      <Filter>GUI</Filter>
    </ClCompile>
    <ClCompile Include="LoginPanel.cpp">
      <Filter>GUI</Filter>
    </ClCompile>
    <ClCompile Include="AdminPanel.cpp">
      <Filter>GUI</Filter>
    </ClCompile>
    <ClCompile Include="TeacherPanel.cpp">
      <Filter>GUI</Filter>
    </ClCompile>
    <ClCompile Include="StudentPanel.cpp">
      <Filter>GUI</Filter>
    </ClCompile>
    <ClCompile Include="Students.cpp">
      <Filter>Pliki źródłowe</Filter>
    </ClCompile>
    <ClCompile Include="Users.cpp">
      <Filter>Pliki źródłowe</Filter>
    </ClCompile>
    <ClCompile Include="bcrypt.cpp">
      <Filter>lib\bcrypt</Filter>
    </ClCompile>
    <ClCompile Include="blowfish.cpp">
      <Filter>lib\bcrypt</Filter>
    </ClCompile>
    <ClCompile Include="Grade.cpp">
      <Filter>Pliki źródłowe</Filter>
    </ClCompile>
    <ClCompile Include="auth.cpp">
      <Filter>lib</Filter>
    </ClCompile>
  </ItemGroup>
  <ItemGroup>
    <ClInclude Include="MainApp.h">
      <Filter>GUI</Filter>
    </ClInclude>
    <ClInclude Include="MainFrame.h">
      <Filter>GUI</Filter>
    </ClInclude>
    <ClInclude Include="LoginPanel.h">
      <Filter>GUI</Filter>
    </ClInclude>
    <ClInclude Include="AdminPanel.h">
      <Filter>GUI</Filter>
    </ClInclude>
    <ClInclude Include="TeacherPanel.h">
      <Filter>GUI</Filter>
    </ClInclude>
    <ClInclude Include="StudentPanel.h">
      <Filter>GUI</Filter>
    </ClInclude>
    <ClInclude Include="..\..\..\..\..\Desktop\json.hpp">
      <Filter>Pliki nagłówkowe</Filter>
    </ClInclude>
    <ClInclude Include="printStudents.h">
      <Filter>Pliki nagłówkowe</Filter>
    </ClInclude>
    <ClInclude Include="Students.h">
      <Filter>Pliki nagłówkowe</Filter>
    </ClInclude>
    <ClInclude Include="Users.h">
      <Filter>Pliki nagłówkowe</Filter>
    </ClInclude>
    <ClInclude Include="bcrypt.h">
      <Filter>lib\bcrypt</Filter>
    </ClInclude>
    <ClInclude Include="node_blf.h">
      <Filter>lib\bcrypt</Filter>
    </ClInclude>
    <ClInclude Include="openbsd.h">
      <Filter>lib\bcrypt</Filter>
    </ClInclude>
    <ClInclude Include="Grade.h">
      <Filter>Pliki nagłówkowe</Filter>
    </ClInclude>
    <ClInclude Include="auth.h">
      <Filter>Pliki nagłówkowe</Filter>
    </ClInclude>
  </ItemGroup>
  <ItemGroup>
    <None Include="students.json">
      <Filter>Database</Filter>
    </None>
    <None Include="users.json">
      <Filter>Database</Filter>
    </None>
    <None Include="grades.json">
      <Filter>Database</Filter>
    </None>
  </ItemGroup>
</Project>